
Microsoft Visual Studio Solution File, Format Version 12.00
# Visual Studio Version 16
VisualStudioVersion = 16.0.31605.320
MinimumVisualStudioVersion = 10.0.40219.1
Project("{FAE04EC0-301F-11D3-BF4B-00C04F79EFBC}") = "InmobiliariaAlbornoz", "InmobiliariaAlbornoz.csproj", "{A8CA937A-77C3-4893-839B-C8E58CC0255B}"
EndProject
Global
	GlobalSection(SolutionConfigurationPlatforms) = preSolution
		Debug|Any CPU = Debug|Any CPU
		Release|Any CPU = Release|Any CPU
	EndGlobalSection
	GlobalSection(ProjectConfigurationPlatforms) = postSolution
		{A8CA937A-77C3-4893-839B-C8E58CC0255B}.Debug|Any CPU.ActiveCfg = Debug|Any CPU
		{A8CA937A-77C3-4893-839B-C8E58CC0255B}.Debug|Any CPU.Build.0 = Debug|Any CPU
		{A8CA937A-77C3-4893-839B-C8E58CC0255B}.Release|Any CPU.ActiveCfg = Release|Any CPU
		{A8CA937A-77C3-4893-839B-C8E58CC0255B}.Release|Any CPU.Build.0 = Release|Any CPU
	EndGlobalSection
	GlobalSection(SolutionProperties) = preSolution
		HideSolutionNode = FALSE
	EndGlobalSection
	GlobalSection(ExtensibilityGlobals) = postSolution
		SolutionGuid = {FCB430E7-911B-44C6-B768-D7BD885534A6}
	EndGlobalSection
EndGlobal
